{
    "_readme": [
        "This file locks the dependencies of your project to a known state",
        "Read more about it at https://getcomposer.org/doc/01-basic-usage.md#installing-dependencies",
        "This file is @generated automatically"
    ],
    "content-hash": "810480c44b51a2cd8f673416c3bc7178",
    "packages": [
        {
            "name": "maduser/minimal-php56",
            "version": "v0.1.1",
            "source": {
                "type": "git",
                "url": "https://github.com/judus/maduser-minimal-php56.git",
                "reference": "0f02101ae0007a69cb3af2fa62a11a3a8093343d"
            },
            "dist": {
                "type": "zip",
                "url": "https://api.github.com/repos/judus/maduser-minimal-php56/zipball/0f02101ae0007a69cb3af2fa62a11a3a8093343d",
                "reference": "0f02101ae0007a69cb3af2fa62a11a3a8093343d",
                "shasum": ""
            },
            "require-dev": {
                "phpunit/phpunit": "~4.0"
            },
            "type": "library",
            "autoload": {
                "psr-4": {
                    "Maduser\\": "src"
                }
            },
            "notification-url": "https://packagist.org/downloads/",
            "license": [
                "MIT"
            ],
            "authors": [
                {
                    "name": "Julien Duseyau",
                    "email": "julien.duseyau@gmail.com"
                }
            ],
            "description": "The Minimal Package for PHP 5.6.",
            "keywords": [
                "framework",
                "minimal",
                "mvc"
            ],
            "time": "2017-07-31T20:00:22+00:00"
        }
    ],
    "packages-dev": [],
    "aliases": [],
    "minimum-stability": "stable",
    "stability-flags": [],
    "prefer-stable": false,
    "prefer-lowest": false,
    "platform": [],
    "platform-dev": []
}
